
Microsoft Visual Studio Solution File, Format Version 12.00
# Visual Studio Version 16
VisualStudioVersion = 16.0.32126.315
MinimumVisualStudioVersion = 10.0.40219.1
Project("{8BC9CEB8-8B4A-11D0-8D11-00A0C91BC942}") = "001. 완주하지 못한 선수", "001. 완주하지 못한 선수\001. 완주하지 못한 선수.vcxproj", "{7351F002-29D8-4098-9CAA-285EC7866EE1}"
EndProject
Project("{8BC9CEB8-8B4A-11D0-8D11-00A0C91BC942}") = "002. 폰켓몬", "002. 폰켓몬\002. 폰켓몬.vcxproj", "{36188AB8-63F0-485C-9E75-E76221D575B9}"
EndProject
Project("{8BC9CEB8-8B4A-11D0-8D11-00A0C91BC942}") = "003. 전화번호 목록", "003. 전화번호 목록\003. 전화번호 목록.vcxproj", "{ECDE0C1C-0302-4E81-9B2B-84D2825A390F}"
EndProject
Project("{8BC9CEB8-8B4A-11D0-8D11-00A0C91BC942}") = "004. 위장", "004. 위장\004. 위장.vcxproj", "{9148E5FC-4199-411F-8D2D-2DEE0698F392}"
EndProject
Project("{8BC9CEB8-8B4A-11D0-8D11-00A0C91BC942}") = "005. 베스트앨범", "005. 베스트앨범\005. 베스트앨범.vcxproj", "{DD6C8733-43BF-42C0-96DE-C25EB5077112}"
EndProject
Project("{8BC9CEB8-8B4A-11D0-8D11-00A0C91BC942}") = "006. 같은 숫자는 싫어", "006. 같은 숫자는 싫어\006. 같은 숫자는 싫어.vcxproj", "{3B288815-4E6A-40DB-9E2C-64449CC9C3DE}"
EndProject
Project("{8BC9CEB8-8B4A-11D0-8D11-00A0C91BC942}") = "007. 올바른 괄호", "007. 올바른 괄호\007. 올바른 괄호.vcxproj", "{579C7741-A688-4DAE-B191-F41B464930A3}"
EndProject
Project("{8BC9CEB8-8B4A-11D0-8D11-00A0C91BC942}") = "008. 기능개발", "008. 기능개발\008. 기능개발.vcxproj", "{18525414-BB78-46C7-AF87-C6576BEBCB3D}"
EndProject
Project("{8BC9CEB8-8B4A-11D0-8D11-00A0C91BC942}") = "009. 프린터", "009. 프린터\009. 프린터.vcxproj", "{2E423CAA-C50D-47FE-A86A-25FFC0DDC0A0}"
EndProject
Project("{8BC9CEB8-8B4A-11D0-8D11-00A0C91BC942}") = "010. 다리를 지나는 트럭", "010. 다리를 지나는 트럭\010. 다리를 지나는 트럭.vcxproj", "{07BD7D15-1C77-4E49-B6B1-77815739F2EE}"
EndProject
Project("{8BC9CEB8-8B4A-11D0-8D11-00A0C91BC942}") = "011. 주식가격", "011. 주식가격\011. 주식가격.vcxproj", "{B5FBDC3D-DB1A-4088-B837-9EF7F05846F8}"
EndProject
Project("{8BC9CEB8-8B4A-11D0-8D11-00A0C91BC942}") = "012. 더 맵게", "012. 더 맵게\012. 더 맵게.vcxproj", "{4B3D04FA-7E69-4E4B-8282-7A01D37EDF50}"
EndProject
Project("{8BC9CEB8-8B4A-11D0-8D11-00A0C91BC942}") = "013. 디스크 컨트롤러", "013. 디스크 컨트롤러\013. 디스크 컨트롤러.vcxproj", "{241ED211-874B-4951-BE4A-B9B5800ACEA5}"
EndProject
Project("{8BC9CEB8-8B4A-11D0-8D11-00A0C91BC942}") = "014. 이중우선순위큐", "014. 이중우선순위큐\014. 이중우선순위큐.vcxproj", "{2FB28A40-CDFA-406B-B887-EC6DEB493E71}"
EndProject
Global
	GlobalSection(SolutionConfigurationPlatforms) = preSolution
		Debug|x64 = Debug|x64
		Debug|x86 = Debug|x86
		Release|x64 = Release|x64
		Release|x86 = Release|x86
	EndGlobalSection
	GlobalSection(ProjectConfigurationPlatforms) = postSolution
		{7351F002-29D8-4098-9CAA-285EC7866EE1}.Debug|x64.ActiveCfg = Debug|x64
		{7351F002-29D8-4098-9CAA-285EC7866EE1}.Debug|x64.Build.0 = Debug|x64
		{7351F002-29D8-4098-9CAA-285EC7866EE1}.Debug|x86.ActiveCfg = Debug|Win32
		{7351F002-29D8-4098-9CAA-285EC7866EE1}.Debug|x86.Build.0 = Debug|Win32
		{7351F002-29D8-4098-9CAA-285EC7866EE1}.Release|x64.ActiveCfg = Release|x64
		{7351F002-29D8-4098-9CAA-285EC7866EE1}.Release|x64.Build.0 = Release|x64
		{7351F002-29D8-4098-9CAA-285EC7866EE1}.Release|x86.ActiveCfg = Release|Win32
		{7351F002-29D8-4098-9CAA-285EC7866EE1}.Release|x86.Build.0 = Release|Win32
		{36188AB8-63F0-485C-9E75-E76221D575B9}.Debug|x64.ActiveCfg = Debug|x64
		{36188AB8-63F0-485C-9E75-E76221D575B9}.Debug|x64.Build.0 = Debug|x64
		{36188AB8-63F0-485C-9E75-E76221D575B9}.Debug|x86.ActiveCfg = Debug|Win32
		{36188AB8-63F0-485C-9E75-E76221D575B9}.Debug|x86.Build.0 = Debug|Win32
		{36188AB8-63F0-485C-9E75-E76221D575B9}.Release|x64.ActiveCfg = Release|x64
		{36188AB8-63F0-485C-9E75-E76221D575B9}.Release|x64.Build.0 = Release|x64
		{36188AB8-63F0-485C-9E75-E76221D575B9}.Release|x86.ActiveCfg = Release|Win32
		{36188AB8-63F0-485C-9E75-E76221D575B9}.Release|x86.Build.0 = Release|Win32
		{ECDE0C1C-0302-4E81-9B2B-84D2825A390F}.Debug|x64.ActiveCfg = Debug|x64
		{ECDE0C1C-0302-4E81-9B2B-84D2825A390F}.Debug|x64.Build.0 = Debug|x64
		{ECDE0C1C-0302-4E81-9B2B-84D2825A390F}.Debug|x86.ActiveCfg = Debug|Win32
		{ECDE0C1C-0302-4E81-9B2B-84D2825A390F}.Debug|x86.Build.0 = Debug|Win32
		{ECDE0C1C-0302-4E81-9B2B-84D2825A390F}.Release|x64.ActiveCfg = Release|x64
		{ECDE0C1C-0302-4E81-9B2B-84D2825A390F}.Release|x64.Build.0 = Release|x64
		{ECDE0C1C-0302-4E81-9B2B-84D2825A390F}.Release|x86.ActiveCfg = Release|Win32
		{ECDE0C1C-0302-4E81-9B2B-84D2825A390F}.Release|x86.Build.0 = Release|Win32
		{9148E5FC-4199-411F-8D2D-2DEE0698F392}.Debug|x64.ActiveCfg = Debug|x64
		{9148E5FC-4199-411F-8D2D-2DEE0698F392}.Debug|x64.Build.0 = Debug|x64
		{9148E5FC-4199-411F-8D2D-2DEE0698F392}.Debug|x86.ActiveCfg = Debug|Win32
		{9148E5FC-4199-411F-8D2D-2DEE0698F392}.Debug|x86.Build.0 = Debug|Win32
		{9148E5FC-4199-411F-8D2D-2DEE0698F392}.Release|x64.ActiveCfg = Release|x64
		{9148E5FC-4199-411F-8D2D-2DEE0698F392}.Release|x64.Build.0 = Release|x64
		{9148E5FC-4199-411F-8D2D-2DEE0698F392}.Release|x86.ActiveCfg = Release|Win32
		{9148E5FC-4199-411F-8D2D-2DEE0698F392}.Release|x86.Build.0 = Release|Win32
		{DD6C8733-43BF-42C0-96DE-C25EB5077112}.Debug|x64.ActiveCfg = Debug|x64
		{DD6C8733-43BF-42C0-96DE-C25EB5077112}.Debug|x64.Build.0 = Debug|x64
		{DD6C8733-43BF-42C0-96DE-C25EB5077112}.Debug|x86.ActiveCfg = Debug|Win32
		{DD6C8733-43BF-42C0-96DE-C25EB5077112}.Debug|x86.Build.0 = Debug|Win32
		{DD6C8733-43BF-42C0-96DE-C25EB5077112}.Release|x64.ActiveCfg = Release|x64
		{DD6C8733-43BF-42C0-96DE-C25EB5077112}.Release|x64.Build.0 = Release|x64
		{DD6C8733-43BF-42C0-96DE-C25EB5077112}.Release|x86.ActiveCfg = Release|Win32
		{DD6C8733-43BF-42C0-96DE-C25EB5077112}.Release|x86.Build.0 = Release|Win32
		{3B288815-4E6A-40DB-9E2C-64449CC9C3DE}.Debug|x64.ActiveCfg = Debug|x64
		{3B288815-4E6A-40DB-9E2C-64449CC9C3DE}.Debug|x64.Build.0 = Debug|x64
		{3B288815-4E6A-40DB-9E2C-64449CC9C3DE}.Debug|x86.ActiveCfg = Debug|Win32
		{3B288815-4E6A-40DB-9E2C-64449CC9C3DE}.Debug|x86.Build.0 = Debug|Win32
		{3B288815-4E6A-40DB-9E2C-64449CC9C3DE}.Release|x64.ActiveCfg = Release|x64
		{3B288815-4E6A-40DB-9E2C-64449CC9C3DE}.Release|x64.Build.0 = Release|x64
		{3B288815-4E6A-40DB-9E2C-64449CC9C3DE}.Release|x86.ActiveCfg = Release|Win32
		{3B288815-4E6A-40DB-9E2C-64449CC9C3DE}.Release|x86.Build.0 = Release|Win32
		{579C7741-A688-4DAE-B191-F41B464930A3}.Debug|x64.ActiveCfg = Debug|x64
		{579C7741-A688-4DAE-B191-F41B464930A3}.Debug|x64.Build.0 = Debug|x64
		{579C7741-A688-4DAE-B191-F41B464930A3}.Debug|x86.ActiveCfg = Debug|Win32
		{579C7741-A688-4DAE-B191-F41B464930A3}.Debug|x86.Build.0 = Debug|Win32
		{579C7741-A688-4DAE-B191-F41B464930A3}.Release|x64.ActiveCfg = Release|x64
		{579C7741-A688-4DAE-B191-F41B464930A3}.Release|x64.Build.0 = Release|x64
		{579C7741-A688-4DAE-B191-F41B464930A3}.Release|x86.ActiveCfg = Release|Win32
		{579C7741-A688-4DAE-B191-F41B464930A3}.Release|x86.Build.0 = Release|Win32
		{18525414-BB78-46C7-AF87-C6576BEBCB3D}.Debug|x64.ActiveCfg = Debug|x64
		{18525414-BB78-46C7-AF87-C6576BEBCB3D}.Debug|x64.Build.0 = Debug|x64
		{18525414-BB78-46C7-AF87-C6576BEBCB3D}.Debug|x86.ActiveCfg = Debug|Win32
		{18525414-BB78-46C7-AF87-C6576BEBCB3D}.Debug|x86.Build.0 = Debug|Win32
		{18525414-BB78-46C7-AF87-C6576BEBCB3D}.Release|x64.ActiveCfg = Release|x64
		{18525414-BB78-46C7-AF87-C6576BEBCB3D}.Release|x64.Build.0 = Release|x64
		{18525414-BB78-46C7-AF87-C6576BEBCB3D}.Release|x86.ActiveCfg = Release|Win32
		{18525414-BB78-46C7-AF87-C6576BEBCB3D}.Release|x86.Build.0 = Release|Win32
		{2E423CAA-C50D-47FE-A86A-25FFC0DDC0A0}.Debug|x64.ActiveCfg = Debug|x64
		{2E423CAA-C50D-47FE-A86A-25FFC0DDC0A0}.Debug|x64.Build.0 = Debug|x64
		{2E423CAA-C50D-47FE-A86A-25FFC0DDC0A0}.Debug|x86.ActiveCfg = Debug|Win32
		{2E423CAA-C50D-47FE-A86A-25FFC0DDC0A0}.Debug|x86.Build.0 = Debug|Win32
		{2E423CAA-C50D-47FE-A86A-25FFC0DDC0A0}.Release|x64.ActiveCfg = Release|x64
		{2E423CAA-C50D-47FE-A86A-25FFC0DDC0A0}.Release|x64.Build.0 = Release|x64
		{2E423CAA-C50D-47FE-A86A-25FFC0DDC0A0}.Release|x86.ActiveCfg = Release|Win32
		{2E423CAA-C50D-47FE-A86A-25FFC0DDC0A0}.Release|x86.Build.0 = Release|Win32
		{07BD7D15-1C77-4E49-B6B1-77815739F2EE}.Debug|x64.ActiveCfg = Debug|x64
		{07BD7D15-1C77-4E49-B6B1-77815739F2EE}.Debug|x64.Build.0 = Debug|x64
		{07BD7D15-1C77-4E49-B6B1-77815739F2EE}.Debug|x86.ActiveCfg = Debug|Win32
		{07BD7D15-1C77-4E49-B6B1-77815739F2EE}.Debug|x86.Build.0 = Debug|Win32
		{07BD7D15-1C77-4E49-B6B1-77815739F2EE}.Release|x64.ActiveCfg = Release|x64
		{07BD7D15-1C77-4E49-B6B1-77815739F2EE}.Release|x64.Build.0 = Release|x64
		{07BD7D15-1C77-4E49-B6B1-77815739F2EE}.Release|x86.ActiveCfg = Release|Win32
		{07BD7D15-1C77-4E49-B6B1-77815739F2EE}.Release|x86.Build.0 = Release|Win32
		{B5FBDC3D-DB1A-4088-B837-9EF7F05846F8}.Debug|x64.ActiveCfg = Debug|x64
		{B5FBDC3D-DB1A-4088-B837-9EF7F05846F8}.Debug|x64.Build.0 = Debug|x64
		{B5FBDC3D-DB1A-4088-B837-9EF7F05846F8}.Debug|x86.ActiveCfg = Debug|Win32
		{B5FBDC3D-DB1A-4088-B837-9EF7F05846F8}.Debug|x86.Build.0 = Debug|Win32
		{B5FBDC3D-DB1A-4088-B837-9EF7F05846F8}.Release|x64.ActiveCfg = Release|x64
		{B5FBDC3D-DB1A-4088-B837-9EF7F05846F8}.Release|x64.Build.0 = Release|x64
		{B5FBDC3D-DB1A-4088-B837-9EF7F05846F8}.Release|x86.ActiveCfg = Release|Win32
		{B5FBDC3D-DB1A-4088-B837-9EF7F05846F8}.Release|x86.Build.0 = Release|Win32
		{4B3D04FA-7E69-4E4B-8282-7A01D37EDF50}.Debug|x64.ActiveCfg = Debug|x64
		{4B3D04FA-7E69-4E4B-8282-7A01D37EDF50}.Debug|x64.Build.0 = Debug|x64
		{4B3D04FA-7E69-4E4B-8282-7A01D37EDF50}.Debug|x86.ActiveCfg = Debug|Win32
		{4B3D04FA-7E69-4E4B-8282-7A01D37EDF50}.Debug|x86.Build.0 = Debug|Win32
		{4B3D04FA-7E69-4E4B-8282-7A01D37EDF50}.Release|x64.ActiveCfg = Release|x64
		{4B3D04FA-7E69-4E4B-8282-7A01D37EDF50}.Release|x64.Build.0 = Release|x64
		{4B3D04FA-7E69-4E4B-8282-7A01D37EDF50}.Release|x86.ActiveCfg = Release|Win32
		{4B3D04FA-7E69-4E4B-8282-7A01D37EDF50}.Release|x86.Build.0 = Release|Win32
		{241ED211-874B-4951-BE4A-B9B5800ACEA5}.Debug|x64.ActiveCfg = Debug|x64
		{241ED211-874B-4951-BE4A-B9B5800ACEA5}.Debug|x64.Build.0 = Debug|x64
		{241ED211-874B-4951-BE4A-B9B5800ACEA5}.Debug|x86.ActiveCfg = Debug|Win32
		{241ED211-874B-4951-BE4A-B9B5800ACEA5}.Debug|x86.Build.0 = Debug|Win32
		{241ED211-874B-4951-BE4A-B9B5800ACEA5}.Release|x64.ActiveCfg = Release|x64
		{241ED211-874B-4951-BE4A-B9B5800ACEA5}.Release|x64.Build.0 = Release|x64
		{241ED211-874B-4951-BE4A-B9B5800ACEA5}.Release|x86.ActiveCfg = Release|Win32
		{241ED211-874B-4951-BE4A-B9B5800ACEA5}.Release|x86.Build.0 = Release|Win32
		{2FB28A40-CDFA-406B-B887-EC6DEB493E71}.Debug|x64.ActiveCfg = Debug|x64
		{2FB28A40-CDFA-406B-B887-EC6DEB493E71}.Debug|x64.Build.0 = Debug|x64
		{2FB28A40-CDFA-406B-B887-EC6DEB493E71}.Debug|x86.ActiveCfg = Debug|Win32
		{2FB28A40-CDFA-406B-B887-EC6DEB493E71}.Debug|x86.Build.0 = Debug|Win32
		{2FB28A40-CDFA-406B-B887-EC6DEB493E71}.Release|x64.ActiveCfg = Release|x64
		{2FB28A40-CDFA-406B-B887-EC6DEB493E71}.Release|x64.Build.0 = Release|x64
		{2FB28A40-CDFA-406B-B887-EC6DEB493E71}.Release|x86.ActiveCfg = Release|Win32
		{2FB28A40-CDFA-406B-B887-EC6DEB493E71}.Release|x86.Build.0 = Release|Win32
	EndGlobalSection
	GlobalSection(SolutionProperties) = preSolution
		HideSolutionNode = FALSE
	EndGlobalSection
	GlobalSection(ExtensibilityGlobals) = postSolution
		SolutionGuid = {18F18BF7-7CD1-446E-98C4-AAF4BDA6D813}
	EndGlobalSection
EndGlobal
