
Microsoft Visual Studio Solution File, Format Version 12.00
# Visual Studio Version 16
VisualStudioVersion = 16.0.32126.315
MinimumVisualStudioVersion = 10.0.40219.1
Project("{8BC9CEB8-8B4A-11D0-8D11-00A0C91BC942}") = "001. 완주하지 못한 선수", "001. 완주하지 못한 선수\001. 완주하지 못한 선수.vcxproj", "{7351F002-29D8-4098-9CAA-285EC7866EE1}"
EndProject
Project("{8BC9CEB8-8B4A-11D0-8D11-00A0C91BC942}") = "002. 폰켓몬", "002. 폰켓몬\002. 폰켓몬.vcxproj", "{36188AB8-63F0-485C-9E75-E76221D575B9}"
EndProject
Project("{8BC9CEB8-8B4A-11D0-8D11-00A0C91BC942}") = "003. 전화번호 목록", "003. 전화번호 목록\003. 전화번호 목록.vcxproj", "{ECDE0C1C-0302-4E81-9B2B-84D2825A390F}"
EndProject
Project("{8BC9CEB8-8B4A-11D0-8D11-00A0C91BC942}") = "004. 위장", "004. 위장\004. 위장.vcxproj", "{9148E5FC-4199-411F-8D2D-2DEE0698F392}"
EndProject
Project("{8BC9CEB8-8B4A-11D0-8D11-00A0C91BC942}") = "005. 베스트앨범", "005. 베스트앨범\005. 베스트앨범.vcxproj", "{DD6C8733-43BF-42C0-96DE-C25EB5077112}"
EndProject
Project("{8BC9CEB8-8B4A-11D0-8D11-00A0C91BC942}") = "006. 같은 숫자는 싫어", "006. 같은 숫자는 싫어\006. 같은 숫자는 싫어.vcxproj", "{3B288815-4E6A-40DB-9E2C-64449CC9C3DE}"
EndProject
Project("{8BC9CEB8-8B4A-11D0-8D11-00A0C91BC942}") = "007. 올바른 괄호", "007. 올바른 괄호\007. 올바른 괄호.vcxproj", "{579C7741-A688-4DAE-B191-F41B464930A3}"
EndProject
Project("{8BC9CEB8-8B4A-11D0-8D11-00A0C91BC942}") = "008. 기능개발", "008. 기능개발\008. 기능개발.vcxproj", "{18525414-BB78-46C7-AF87-C6576BEBCB3D}"
EndProject
Project("{8BC9CEB8-8B4A-11D0-8D11-00A0C91BC942}") = "009. 프린터", "009. 프린터\009. 프린터.vcxproj", "{2E423CAA-C50D-47FE-A86A-25FFC0DDC0A0}"
EndProject
Project("{8BC9CEB8-8B4A-11D0-8D11-00A0C91BC942}") = "010. 다리를 지나는 트럭", "010. 다리를 지나는 트럭\010. 다리를 지나는 트럭.vcxproj", "{07BD7D15-1C77-4E49-B6B1-77815739F2EE}"
EndProject
Project("{8BC9CEB8-8B4A-11D0-8D11-00A0C91BC942}") = "011. 주식가격", "011. 주식가격\011. 주식가격.vcxproj", "{B5FBDC3D-DB1A-4088-B837-9EF7F05846F8}"
EndProject
Project("{8BC9CEB8-8B4A-11D0-8D11-00A0C91BC942}") = "012. 더 맵게", "012. 더 맵게\012. 더 맵게.vcxproj", "{4B3D04FA-7E69-4E4B-8282-7A01D37EDF50}"
EndProject
Project("{8BC9CEB8-8B4A-11D0-8D11-00A0C91BC942}") = "013. 디스크 컨트롤러", "013. 디스크 컨트롤러\013. 디스크 컨트롤러.vcxproj", "{241ED211-874B-4951-BE4A-B9B5800ACEA5}"
EndProject
Project("{8BC9CEB8-8B4A-11D0-8D11-00A0C91BC942}") = "014. 이중우선순위큐", "014. 이중우선순위큐\014. 이중우선순위큐.vcxproj", "{2FB28A40-CDFA-406B-B887-EC6DEB493E71}"
EndProject
Project("{8BC9CEB8-8B4A-11D0-8D11-00A0C91BC942}") = "015. K번째수", "015. K번째수\015. K번째수.vcxproj", "{FAF14BBE-64F2-4379-A2C3-DE096A9B4320}"
EndProject
Project("{8BC9CEB8-8B4A-11D0-8D11-00A0C91BC942}") = "016. 가장 큰 수", "016. 가장 큰 수\016. 가장 큰 수.vcxproj", "{13675517-C56C-4585-8052-8E73AFC7BD49}"
EndProject
Project("{8BC9CEB8-8B4A-11D0-8D11-00A0C91BC942}") = "017. H-Index", "017. H-Index\017. H-Index.vcxproj", "{E8DF0324-8662-44A9-A233-523CD2DD45AF}"
EndProject
Project("{8BC9CEB8-8B4A-11D0-8D11-00A0C91BC942}") = "018. 최소직사각형", "018. 최소직사각형\018. 최소직사각형.vcxproj", "{6DDCEF75-4EFB-4209-9E24-5BBAA5D75FA5}"
EndProject
Project("{8BC9CEB8-8B4A-11D0-8D11-00A0C91BC942}") = "019. 모의고사", "019. 모의고사\019. 모의고사.vcxproj", "{FE1951D9-2FF0-45D4-9890-946A97CABBD4}"
EndProject
Project("{8BC9CEB8-8B4A-11D0-8D11-00A0C91BC942}") = "020. 소수 찾기", "020. 소수 찾기\020. 소수 찾기.vcxproj", "{58471857-09F6-4C58-92F5-384A80EEF471}"
EndProject
Project("{8BC9CEB8-8B4A-11D0-8D11-00A0C91BC942}") = "021. 카펫", "021. 카펫\021. 카펫.vcxproj", "{C1BD8CF0-4A10-47F7-9AE2-ABA8DDC9A2CD}"
EndProject
Project("{8BC9CEB8-8B4A-11D0-8D11-00A0C91BC942}") = "022. 피로도", "022. 피로도\022. 피로도.vcxproj", "{D3BF7B5F-86E8-4F1D-8BEC-69E415ABDC89}"
EndProject
Project("{8BC9CEB8-8B4A-11D0-8D11-00A0C91BC942}") = "023. 전력망을 둘로 나누기", "023. 전력망을 둘로 나누기\023. 전력망을 둘로 나누기.vcxproj", "{7C0941BC-1DAC-4008-A526-CFD0F18912E5}"
EndProject
Project("{8BC9CEB8-8B4A-11D0-8D11-00A0C91BC942}") = "024. 모음사전", "024. 모음사전\024. 모음사전.vcxproj", "{68DF6C96-E846-4C09-A108-C34CE9299063}"
EndProject
Project("{8BC9CEB8-8B4A-11D0-8D11-00A0C91BC942}") = "025. 체육복", "025. 체육복\025. 체육복.vcxproj", "{506DAE49-2B12-4DDF-B63B-B706D72E6463}"
EndProject
Project("{8BC9CEB8-8B4A-11D0-8D11-00A0C91BC942}") = "026. 조이스틱", "026. 조이스틱\026. 조이스틱.vcxproj", "{BD069C0B-2DED-410E-8C3F-76C5F552EE08}"
EndProject
Project("{8BC9CEB8-8B4A-11D0-8D11-00A0C91BC942}") = "027. 큰 수 만들기", "027. 큰 수 만들기\027. 큰 수 만들기.vcxproj", "{FFCC9271-46B9-4FEC-845C-C9BE4F54D3A9}"
EndProject
Project("{8BC9CEB8-8B4A-11D0-8D11-00A0C91BC942}") = "028. 구명보트", "028. 구명보트\028. 구명보트.vcxproj", "{3FE4E1D2-732A-4C65-9ED4-94A195AC7C5D}"
EndProject
Project("{8BC9CEB8-8B4A-11D0-8D11-00A0C91BC942}") = "029. 섬 연결하기", "029. 섬 연결하기\029. 섬 연결하기.vcxproj", "{D9673CE4-B8CA-4BAC-93DE-86868B94137F}"
EndProject
Project("{8BC9CEB8-8B4A-11D0-8D11-00A0C91BC942}") = "030. 단속카메라", "030. 단속카메라\030. 단속카메라.vcxproj", "{39B6BCFB-EB29-4D79-9383-CB4D5B8A25FC}"
EndProject
Project("{8BC9CEB8-8B4A-11D0-8D11-00A0C91BC942}") = "031. N으로 표현", "031. N으로 표현\031. N으로 표현.vcxproj", "{2F3203EF-4928-4F92-86B1-767832D94421}"
EndProject
Project("{8BC9CEB8-8B4A-11D0-8D11-00A0C91BC942}") = "032. 정수 삼각형", "032. 정수 삼각형\032. 정수 삼각형.vcxproj", "{E730C129-8FE8-4492-B918-61134A9C6C8F}"
EndProject
Project("{8BC9CEB8-8B4A-11D0-8D11-00A0C91BC942}") = "033. 사칙연산", "033. 사칙연산\033. 사칙연산.vcxproj", "{424C5030-32DA-49E3-8FC9-5066A27CD9B6}"
EndProject
Project("{8BC9CEB8-8B4A-11D0-8D11-00A0C91BC942}") = "034. 등굣길", "034. 등굣길\034. 등굣길.vcxproj", "{488AD2B5-193B-4DD7-BC9D-2FA0FCC6A553}"
EndProject
Project("{8BC9CEB8-8B4A-11D0-8D11-00A0C91BC942}") = "035. 도둑질", "035. 도둑질\035. 도둑질.vcxproj", "{3C2F690E-B5BB-453B-BBA2-FEBC03E89EAC}"
EndProject
Project("{8BC9CEB8-8B4A-11D0-8D11-00A0C91BC942}") = "036. 타겟 넘버", "036. 타겟 넘버\036. 타겟 넘버.vcxproj", "{C926305D-3FA3-4F1A-8EDB-023609ACA9AC}"
EndProject
Project("{8BC9CEB8-8B4A-11D0-8D11-00A0C91BC942}") = "037. 게임 맵 최단거리", "037. 게임 맵 최단거리\037. 게임 맵 최단거리.vcxproj", "{3021D187-9B5A-41C2-A070-CCA7D39CB697}"
EndProject
Project("{8BC9CEB8-8B4A-11D0-8D11-00A0C91BC942}") = "038. 네트워크", "038. 네트워크\038. 네트워크.vcxproj", "{4578F9AC-51DC-477C-8EA9-C40F01191A11}"
EndProject
Project("{8BC9CEB8-8B4A-11D0-8D11-00A0C91BC942}") = "039. 단어 변환", "039. 단어 변환\039. 단어 변환.vcxproj", "{52DD1BC6-37C1-4BA3-BE9B-FA89FB273353}"
EndProject
Project("{8BC9CEB8-8B4A-11D0-8D11-00A0C91BC942}") = "040. 아이템 줍기", "040. 아이템 줍기\040. 아이템 줍기.vcxproj", "{801EAEBD-E1F8-4A5D-B526-BB641CCBBB08}"
EndProject
Project("{8BC9CEB8-8B4A-11D0-8D11-00A0C91BC942}") = "041. 여행경로", "041. 여행경로\041. 여행경로.vcxproj", "{B73BF338-B8EF-4130-9E19-EC5955B47360}"
EndProject
Project("{8BC9CEB8-8B4A-11D0-8D11-00A0C91BC942}") = "042. 퍼즐 조각 채우기", "042. 퍼즐 조각 채우기\042. 퍼즐 조각 채우기.vcxproj", "{1B7708F3-0769-4DCE-B2F3-B93EE13F92CD}"
EndProject
Project("{8BC9CEB8-8B4A-11D0-8D11-00A0C91BC942}") = "043. 입국심사", "043. 입국심사\043. 입국심사.vcxproj", "{8EBEC361-3684-461B-BD05-882FA3F867E5}"
EndProject
Project("{8BC9CEB8-8B4A-11D0-8D11-00A0C91BC942}") = "044. 징검다리", "044. 징검다리\044. 징검다리.vcxproj", "{6250BBB8-079D-459C-A954-E136B27FEB25}"
EndProject
Project("{8BC9CEB8-8B4A-11D0-8D11-00A0C91BC942}") = "045. 가장 먼 노드", "045. 가장 먼 노드\045. 가장 먼 노드.vcxproj", "{FBAC69FB-DB55-459A-9336-722955155283}"
EndProject
Project("{8BC9CEB8-8B4A-11D0-8D11-00A0C91BC942}") = "046. 순위", "046. 순위\046. 순위.vcxproj", "{AEBE46D0-0935-455C-8E23-1994792A9644}"
EndProject
Project("{8BC9CEB8-8B4A-11D0-8D11-00A0C91BC942}") = "047. 방의 개수", "047. 방의 개수\047. 방의 개수.vcxproj", "{5EF78D79-DD85-4B3F-8937-9B72AC8886C9}"
EndProject
Project("{8BC9CEB8-8B4A-11D0-8D11-00A0C91BC942}") = "save001. DFS 알고리즘", "save001. DFS 알고리즘\save001. DFS 알고리즘.vcxproj", "{499868D8-62D5-4F04-A226-84CA10314C7F}"
EndProject
Project("{8BC9CEB8-8B4A-11D0-8D11-00A0C91BC942}") = "save002. DFS 알고리즘2", "save002. DFS 알고리즘2\save002. DFS 알고리즘2.vcxproj", "{8B4F11E9-390C-4455-8F4D-221CF9178DBE}"
EndProject
Global
	GlobalSection(SolutionConfigurationPlatforms) = preSolution
		Debug|x64 = Debug|x64
		Debug|x86 = Debug|x86
		Release|x64 = Release|x64
		Release|x86 = Release|x86
	EndGlobalSection
	GlobalSection(ProjectConfigurationPlatforms) = postSolution
		{7351F002-29D8-4098-9CAA-285EC7866EE1}.Debug|x64.ActiveCfg = Debug|x64
		{7351F002-29D8-4098-9CAA-285EC7866EE1}.Debug|x64.Build.0 = Debug|x64
		{7351F002-29D8-4098-9CAA-285EC7866EE1}.Debug|x86.ActiveCfg = Debug|Win32
		{7351F002-29D8-4098-9CAA-285EC7866EE1}.Debug|x86.Build.0 = Debug|Win32
		{7351F002-29D8-4098-9CAA-285EC7866EE1}.Release|x64.ActiveCfg = Release|x64
		{7351F002-29D8-4098-9CAA-285EC7866EE1}.Release|x64.Build.0 = Release|x64
		{7351F002-29D8-4098-9CAA-285EC7866EE1}.Release|x86.ActiveCfg = Release|Win32
		{7351F002-29D8-4098-9CAA-285EC7866EE1}.Release|x86.Build.0 = Release|Win32
		{36188AB8-63F0-485C-9E75-E76221D575B9}.Debug|x64.ActiveCfg = Debug|x64
		{36188AB8-63F0-485C-9E75-E76221D575B9}.Debug|x64.Build.0 = Debug|x64
		{36188AB8-63F0-485C-9E75-E76221D575B9}.Debug|x86.ActiveCfg = Debug|Win32
		{36188AB8-63F0-485C-9E75-E76221D575B9}.Debug|x86.Build.0 = Debug|Win32
		{36188AB8-63F0-485C-9E75-E76221D575B9}.Release|x64.ActiveCfg = Release|x64
		{36188AB8-63F0-485C-9E75-E76221D575B9}.Release|x64.Build.0 = Release|x64
		{36188AB8-63F0-485C-9E75-E76221D575B9}.Release|x86.ActiveCfg = Release|Win32
		{36188AB8-63F0-485C-9E75-E76221D575B9}.Release|x86.Build.0 = Release|Win32
		{ECDE0C1C-0302-4E81-9B2B-84D2825A390F}.Debug|x64.ActiveCfg = Debug|x64
		{ECDE0C1C-0302-4E81-9B2B-84D2825A390F}.Debug|x64.Build.0 = Debug|x64
		{ECDE0C1C-0302-4E81-9B2B-84D2825A390F}.Debug|x86.ActiveCfg = Debug|Win32
		{ECDE0C1C-0302-4E81-9B2B-84D2825A390F}.Debug|x86.Build.0 = Debug|Win32
		{ECDE0C1C-0302-4E81-9B2B-84D2825A390F}.Release|x64.ActiveCfg = Release|x64
		{ECDE0C1C-0302-4E81-9B2B-84D2825A390F}.Release|x64.Build.0 = Release|x64
		{ECDE0C1C-0302-4E81-9B2B-84D2825A390F}.Release|x86.ActiveCfg = Release|Win32
		{ECDE0C1C-0302-4E81-9B2B-84D2825A390F}.Release|x86.Build.0 = Release|Win32
		{9148E5FC-4199-411F-8D2D-2DEE0698F392}.Debug|x64.ActiveCfg = Debug|x64
		{9148E5FC-4199-411F-8D2D-2DEE0698F392}.Debug|x64.Build.0 = Debug|x64
		{9148E5FC-4199-411F-8D2D-2DEE0698F392}.Debug|x86.ActiveCfg = Debug|Win32
		{9148E5FC-4199-411F-8D2D-2DEE0698F392}.Debug|x86.Build.0 = Debug|Win32
		{9148E5FC-4199-411F-8D2D-2DEE0698F392}.Release|x64.ActiveCfg = Release|x64
		{9148E5FC-4199-411F-8D2D-2DEE0698F392}.Release|x64.Build.0 = Release|x64
		{9148E5FC-4199-411F-8D2D-2DEE0698F392}.Release|x86.ActiveCfg = Release|Win32
		{9148E5FC-4199-411F-8D2D-2DEE0698F392}.Release|x86.Build.0 = Release|Win32
		{DD6C8733-43BF-42C0-96DE-C25EB5077112}.Debug|x64.ActiveCfg = Debug|x64
		{DD6C8733-43BF-42C0-96DE-C25EB5077112}.Debug|x64.Build.0 = Debug|x64
		{DD6C8733-43BF-42C0-96DE-C25EB5077112}.Debug|x86.ActiveCfg = Debug|Win32
		{DD6C8733-43BF-42C0-96DE-C25EB5077112}.Debug|x86.Build.0 = Debug|Win32
		{DD6C8733-43BF-42C0-96DE-C25EB5077112}.Release|x64.ActiveCfg = Release|x64
		{DD6C8733-43BF-42C0-96DE-C25EB5077112}.Release|x64.Build.0 = Release|x64
		{DD6C8733-43BF-42C0-96DE-C25EB5077112}.Release|x86.ActiveCfg = Release|Win32
		{DD6C8733-43BF-42C0-96DE-C25EB5077112}.Release|x86.Build.0 = Release|Win32
		{3B288815-4E6A-40DB-9E2C-64449CC9C3DE}.Debug|x64.ActiveCfg = Debug|x64
		{3B288815-4E6A-40DB-9E2C-64449CC9C3DE}.Debug|x64.Build.0 = Debug|x64
		{3B288815-4E6A-40DB-9E2C-64449CC9C3DE}.Debug|x86.ActiveCfg = Debug|Win32
		{3B288815-4E6A-40DB-9E2C-64449CC9C3DE}.Debug|x86.Build.0 = Debug|Win32
		{3B288815-4E6A-40DB-9E2C-64449CC9C3DE}.Release|x64.ActiveCfg = Release|x64
		{3B288815-4E6A-40DB-9E2C-64449CC9C3DE}.Release|x64.Build.0 = Release|x64
		{3B288815-4E6A-40DB-9E2C-64449CC9C3DE}.Release|x86.ActiveCfg = Release|Win32
		{3B288815-4E6A-40DB-9E2C-64449CC9C3DE}.Release|x86.Build.0 = Release|Win32
		{579C7741-A688-4DAE-B191-F41B464930A3}.Debug|x64.ActiveCfg = Debug|x64
		{579C7741-A688-4DAE-B191-F41B464930A3}.Debug|x64.Build.0 = Debug|x64
		{579C7741-A688-4DAE-B191-F41B464930A3}.Debug|x86.ActiveCfg = Debug|Win32
		{579C7741-A688-4DAE-B191-F41B464930A3}.Debug|x86.Build.0 = Debug|Win32
		{579C7741-A688-4DAE-B191-F41B464930A3}.Release|x64.ActiveCfg = Release|x64
		{579C7741-A688-4DAE-B191-F41B464930A3}.Release|x64.Build.0 = Release|x64
		{579C7741-A688-4DAE-B191-F41B464930A3}.Release|x86.ActiveCfg = Release|Win32
		{579C7741-A688-4DAE-B191-F41B464930A3}.Release|x86.Build.0 = Release|Win32
		{18525414-BB78-46C7-AF87-C6576BEBCB3D}.Debug|x64.ActiveCfg = Debug|x64
		{18525414-BB78-46C7-AF87-C6576BEBCB3D}.Debug|x64.Build.0 = Debug|x64
		{18525414-BB78-46C7-AF87-C6576BEBCB3D}.Debug|x86.ActiveCfg = Debug|Win32
		{18525414-BB78-46C7-AF87-C6576BEBCB3D}.Debug|x86.Build.0 = Debug|Win32
		{18525414-BB78-46C7-AF87-C6576BEBCB3D}.Release|x64.ActiveCfg = Release|x64
		{18525414-BB78-46C7-AF87-C6576BEBCB3D}.Release|x64.Build.0 = Release|x64
		{18525414-BB78-46C7-AF87-C6576BEBCB3D}.Release|x86.ActiveCfg = Release|Win32
		{18525414-BB78-46C7-AF87-C6576BEBCB3D}.Release|x86.Build.0 = Release|Win32
		{2E423CAA-C50D-47FE-A86A-25FFC0DDC0A0}.Debug|x64.ActiveCfg = Debug|x64
		{2E423CAA-C50D-47FE-A86A-25FFC0DDC0A0}.Debug|x64.Build.0 = Debug|x64
		{2E423CAA-C50D-47FE-A86A-25FFC0DDC0A0}.Debug|x86.ActiveCfg = Debug|Win32
		{2E423CAA-C50D-47FE-A86A-25FFC0DDC0A0}.Debug|x86.Build.0 = Debug|Win32
		{2E423CAA-C50D-47FE-A86A-25FFC0DDC0A0}.Release|x64.ActiveCfg = Release|x64
		{2E423CAA-C50D-47FE-A86A-25FFC0DDC0A0}.Release|x64.Build.0 = Release|x64
		{2E423CAA-C50D-47FE-A86A-25FFC0DDC0A0}.Release|x86.ActiveCfg = Release|Win32
		{2E423CAA-C50D-47FE-A86A-25FFC0DDC0A0}.Release|x86.Build.0 = Release|Win32
		{07BD7D15-1C77-4E49-B6B1-77815739F2EE}.Debug|x64.ActiveCfg = Debug|x64
		{07BD7D15-1C77-4E49-B6B1-77815739F2EE}.Debug|x64.Build.0 = Debug|x64
		{07BD7D15-1C77-4E49-B6B1-77815739F2EE}.Debug|x86.ActiveCfg = Debug|Win32
		{07BD7D15-1C77-4E49-B6B1-77815739F2EE}.Debug|x86.Build.0 = Debug|Win32
		{07BD7D15-1C77-4E49-B6B1-77815739F2EE}.Release|x64.ActiveCfg = Release|x64
		{07BD7D15-1C77-4E49-B6B1-77815739F2EE}.Release|x64.Build.0 = Release|x64
		{07BD7D15-1C77-4E49-B6B1-77815739F2EE}.Release|x86.ActiveCfg = Release|Win32
		{07BD7D15-1C77-4E49-B6B1-77815739F2EE}.Release|x86.Build.0 = Release|Win32
		{B5FBDC3D-DB1A-4088-B837-9EF7F05846F8}.Debug|x64.ActiveCfg = Debug|x64
		{B5FBDC3D-DB1A-4088-B837-9EF7F05846F8}.Debug|x64.Build.0 = Debug|x64
		{B5FBDC3D-DB1A-4088-B837-9EF7F05846F8}.Debug|x86.ActiveCfg = Debug|Win32
		{B5FBDC3D-DB1A-4088-B837-9EF7F05846F8}.Debug|x86.Build.0 = Debug|Win32
		{B5FBDC3D-DB1A-4088-B837-9EF7F05846F8}.Release|x64.ActiveCfg = Release|x64
		{B5FBDC3D-DB1A-4088-B837-9EF7F05846F8}.Release|x64.Build.0 = Release|x64
		{B5FBDC3D-DB1A-4088-B837-9EF7F05846F8}.Release|x86.ActiveCfg = Release|Win32
		{B5FBDC3D-DB1A-4088-B837-9EF7F05846F8}.Release|x86.Build.0 = Release|Win32
		{4B3D04FA-7E69-4E4B-8282-7A01D37EDF50}.Debug|x64.ActiveCfg = Debug|x64
		{4B3D04FA-7E69-4E4B-8282-7A01D37EDF50}.Debug|x64.Build.0 = Debug|x64
		{4B3D04FA-7E69-4E4B-8282-7A01D37EDF50}.Debug|x86.ActiveCfg = Debug|Win32
		{4B3D04FA-7E69-4E4B-8282-7A01D37EDF50}.Debug|x86.Build.0 = Debug|Win32
		{4B3D04FA-7E69-4E4B-8282-7A01D37EDF50}.Release|x64.ActiveCfg = Release|x64
		{4B3D04FA-7E69-4E4B-8282-7A01D37EDF50}.Release|x64.Build.0 = Release|x64
		{4B3D04FA-7E69-4E4B-8282-7A01D37EDF50}.Release|x86.ActiveCfg = Release|Win32
		{4B3D04FA-7E69-4E4B-8282-7A01D37EDF50}.Release|x86.Build.0 = Release|Win32
		{241ED211-874B-4951-BE4A-B9B5800ACEA5}.Debug|x64.ActiveCfg = Debug|x64
		{241ED211-874B-4951-BE4A-B9B5800ACEA5}.Debug|x64.Build.0 = Debug|x64
		{241ED211-874B-4951-BE4A-B9B5800ACEA5}.Debug|x86.ActiveCfg = Debug|Win32
		{241ED211-874B-4951-BE4A-B9B5800ACEA5}.Debug|x86.Build.0 = Debug|Win32
		{241ED211-874B-4951-BE4A-B9B5800ACEA5}.Release|x64.ActiveCfg = Release|x64
		{241ED211-874B-4951-BE4A-B9B5800ACEA5}.Release|x64.Build.0 = Release|x64
		{241ED211-874B-4951-BE4A-B9B5800ACEA5}.Release|x86.ActiveCfg = Release|Win32
		{241ED211-874B-4951-BE4A-B9B5800ACEA5}.Release|x86.Build.0 = Release|Win32
		{2FB28A40-CDFA-406B-B887-EC6DEB493E71}.Debug|x64.ActiveCfg = Debug|x64
		{2FB28A40-CDFA-406B-B887-EC6DEB493E71}.Debug|x64.Build.0 = Debug|x64
		{2FB28A40-CDFA-406B-B887-EC6DEB493E71}.Debug|x86.ActiveCfg = Debug|Win32
		{2FB28A40-CDFA-406B-B887-EC6DEB493E71}.Debug|x86.Build.0 = Debug|Win32
		{2FB28A40-CDFA-406B-B887-EC6DEB493E71}.Release|x64.ActiveCfg = Release|x64
		{2FB28A40-CDFA-406B-B887-EC6DEB493E71}.Release|x64.Build.0 = Release|x64
		{2FB28A40-CDFA-406B-B887-EC6DEB493E71}.Release|x86.ActiveCfg = Release|Win32
		{2FB28A40-CDFA-406B-B887-EC6DEB493E71}.Release|x86.Build.0 = Release|Win32
		{FAF14BBE-64F2-4379-A2C3-DE096A9B4320}.Debug|x64.ActiveCfg = Debug|x64
		{FAF14BBE-64F2-4379-A2C3-DE096A9B4320}.Debug|x64.Build.0 = Debug|x64
		{FAF14BBE-64F2-4379-A2C3-DE096A9B4320}.Debug|x86.ActiveCfg = Debug|Win32
		{FAF14BBE-64F2-4379-A2C3-DE096A9B4320}.Debug|x86.Build.0 = Debug|Win32
		{FAF14BBE-64F2-4379-A2C3-DE096A9B4320}.Release|x64.ActiveCfg = Release|x64
		{FAF14BBE-64F2-4379-A2C3-DE096A9B4320}.Release|x64.Build.0 = Release|x64
		{FAF14BBE-64F2-4379-A2C3-DE096A9B4320}.Release|x86.ActiveCfg = Release|Win32
		{FAF14BBE-64F2-4379-A2C3-DE096A9B4320}.Release|x86.Build.0 = Release|Win32
		{13675517-C56C-4585-8052-8E73AFC7BD49}.Debug|x64.ActiveCfg = Debug|x64
		{13675517-C56C-4585-8052-8E73AFC7BD49}.Debug|x64.Build.0 = Debug|x64
		{13675517-C56C-4585-8052-8E73AFC7BD49}.Debug|x86.ActiveCfg = Debug|Win32
		{13675517-C56C-4585-8052-8E73AFC7BD49}.Debug|x86.Build.0 = Debug|Win32
		{13675517-C56C-4585-8052-8E73AFC7BD49}.Release|x64.ActiveCfg = Release|x64
		{13675517-C56C-4585-8052-8E73AFC7BD49}.Release|x64.Build.0 = Release|x64
		{13675517-C56C-4585-8052-8E73AFC7BD49}.Release|x86.ActiveCfg = Release|Win32
		{13675517-C56C-4585-8052-8E73AFC7BD49}.Release|x86.Build.0 = Release|Win32
		{E8DF0324-8662-44A9-A233-523CD2DD45AF}.Debug|x64.ActiveCfg = Debug|x64
		{E8DF0324-8662-44A9-A233-523CD2DD45AF}.Debug|x64.Build.0 = Debug|x64
		{E8DF0324-8662-44A9-A233-523CD2DD45AF}.Debug|x86.ActiveCfg = Debug|Win32
		{E8DF0324-8662-44A9-A233-523CD2DD45AF}.Debug|x86.Build.0 = Debug|Win32
		{E8DF0324-8662-44A9-A233-523CD2DD45AF}.Release|x64.ActiveCfg = Release|x64
		{E8DF0324-8662-44A9-A233-523CD2DD45AF}.Release|x64.Build.0 = Release|x64
		{E8DF0324-8662-44A9-A233-523CD2DD45AF}.Release|x86.ActiveCfg = Release|Win32
		{E8DF0324-8662-44A9-A233-523CD2DD45AF}.Release|x86.Build.0 = Release|Win32
		{6DDCEF75-4EFB-4209-9E24-5BBAA5D75FA5}.Debug|x64.ActiveCfg = Debug|x64
		{6DDCEF75-4EFB-4209-9E24-5BBAA5D75FA5}.Debug|x64.Build.0 = Debug|x64
		{6DDCEF75-4EFB-4209-9E24-5BBAA5D75FA5}.Debug|x86.ActiveCfg = Debug|Win32
		{6DDCEF75-4EFB-4209-9E24-5BBAA5D75FA5}.Debug|x86.Build.0 = Debug|Win32
		{6DDCEF75-4EFB-4209-9E24-5BBAA5D75FA5}.Release|x64.ActiveCfg = Release|x64
		{6DDCEF75-4EFB-4209-9E24-5BBAA5D75FA5}.Release|x64.Build.0 = Release|x64
		{6DDCEF75-4EFB-4209-9E24-5BBAA5D75FA5}.Release|x86.ActiveCfg = Release|Win32
		{6DDCEF75-4EFB-4209-9E24-5BBAA5D75FA5}.Release|x86.Build.0 = Release|Win32
		{FE1951D9-2FF0-45D4-9890-946A97CABBD4}.Debug|x64.ActiveCfg = Debug|x64
		{FE1951D9-2FF0-45D4-9890-946A97CABBD4}.Debug|x64.Build.0 = Debug|x64
		{FE1951D9-2FF0-45D4-9890-946A97CABBD4}.Debug|x86.ActiveCfg = Debug|Win32
		{FE1951D9-2FF0-45D4-9890-946A97CABBD4}.Debug|x86.Build.0 = Debug|Win32
		{FE1951D9-2FF0-45D4-9890-946A97CABBD4}.Release|x64.ActiveCfg = Release|x64
		{FE1951D9-2FF0-45D4-9890-946A97CABBD4}.Release|x64.Build.0 = Release|x64
		{FE1951D9-2FF0-45D4-9890-946A97CABBD4}.Release|x86.ActiveCfg = Release|Win32
		{FE1951D9-2FF0-45D4-9890-946A97CABBD4}.Release|x86.Build.0 = Release|Win32
		{58471857-09F6-4C58-92F5-384A80EEF471}.Debug|x64.ActiveCfg = Debug|x64
		{58471857-09F6-4C58-92F5-384A80EEF471}.Debug|x64.Build.0 = Debug|x64
		{58471857-09F6-4C58-92F5-384A80EEF471}.Debug|x86.ActiveCfg = Debug|Win32
		{58471857-09F6-4C58-92F5-384A80EEF471}.Debug|x86.Build.0 = Debug|Win32
		{58471857-09F6-4C58-92F5-384A80EEF471}.Release|x64.ActiveCfg = Release|x64
		{58471857-09F6-4C58-92F5-384A80EEF471}.Release|x64.Build.0 = Release|x64
		{58471857-09F6-4C58-92F5-384A80EEF471}.Release|x86.ActiveCfg = Release|Win32
		{58471857-09F6-4C58-92F5-384A80EEF471}.Release|x86.Build.0 = Release|Win32
		{C1BD8CF0-4A10-47F7-9AE2-ABA8DDC9A2CD}.Debug|x64.ActiveCfg = Debug|x64
		{C1BD8CF0-4A10-47F7-9AE2-ABA8DDC9A2CD}.Debug|x64.Build.0 = Debug|x64
		{C1BD8CF0-4A10-47F7-9AE2-ABA8DDC9A2CD}.Debug|x86.ActiveCfg = Debug|Win32
		{C1BD8CF0-4A10-47F7-9AE2-ABA8DDC9A2CD}.Debug|x86.Build.0 = Debug|Win32
		{C1BD8CF0-4A10-47F7-9AE2-ABA8DDC9A2CD}.Release|x64.ActiveCfg = Release|x64
		{C1BD8CF0-4A10-47F7-9AE2-ABA8DDC9A2CD}.Release|x64.Build.0 = Release|x64
		{C1BD8CF0-4A10-47F7-9AE2-ABA8DDC9A2CD}.Release|x86.ActiveCfg = Release|Win32
		{C1BD8CF0-4A10-47F7-9AE2-ABA8DDC9A2CD}.Release|x86.Build.0 = Release|Win32
		{D3BF7B5F-86E8-4F1D-8BEC-69E415ABDC89}.Debug|x64.ActiveCfg = Debug|x64
		{D3BF7B5F-86E8-4F1D-8BEC-69E415ABDC89}.Debug|x64.Build.0 = Debug|x64
		{D3BF7B5F-86E8-4F1D-8BEC-69E415ABDC89}.Debug|x86.ActiveCfg = Debug|Win32
		{D3BF7B5F-86E8-4F1D-8BEC-69E415ABDC89}.Debug|x86.Build.0 = Debug|Win32
		{D3BF7B5F-86E8-4F1D-8BEC-69E415ABDC89}.Release|x64.ActiveCfg = Release|x64
		{D3BF7B5F-86E8-4F1D-8BEC-69E415ABDC89}.Release|x64.Build.0 = Release|x64
		{D3BF7B5F-86E8-4F1D-8BEC-69E415ABDC89}.Release|x86.ActiveCfg = Release|Win32
		{D3BF7B5F-86E8-4F1D-8BEC-69E415ABDC89}.Release|x86.Build.0 = Release|Win32
		{7C0941BC-1DAC-4008-A526-CFD0F18912E5}.Debug|x64.ActiveCfg = Debug|x64
		{7C0941BC-1DAC-4008-A526-CFD0F18912E5}.Debug|x64.Build.0 = Debug|x64
		{7C0941BC-1DAC-4008-A526-CFD0F18912E5}.Debug|x86.ActiveCfg = Debug|Win32
		{7C0941BC-1DAC-4008-A526-CFD0F18912E5}.Debug|x86.Build.0 = Debug|Win32
		{7C0941BC-1DAC-4008-A526-CFD0F18912E5}.Release|x64.ActiveCfg = Release|x64
		{7C0941BC-1DAC-4008-A526-CFD0F18912E5}.Release|x64.Build.0 = Release|x64
		{7C0941BC-1DAC-4008-A526-CFD0F18912E5}.Release|x86.ActiveCfg = Release|Win32
		{7C0941BC-1DAC-4008-A526-CFD0F18912E5}.Release|x86.Build.0 = Release|Win32
		{68DF6C96-E846-4C09-A108-C34CE9299063}.Debug|x64.ActiveCfg = Debug|x64
		{68DF6C96-E846-4C09-A108-C34CE9299063}.Debug|x64.Build.0 = Debug|x64
		{68DF6C96-E846-4C09-A108-C34CE9299063}.Debug|x86.ActiveCfg = Debug|Win32
		{68DF6C96-E846-4C09-A108-C34CE9299063}.Debug|x86.Build.0 = Debug|Win32
		{68DF6C96-E846-4C09-A108-C34CE9299063}.Release|x64.ActiveCfg = Release|x64
		{68DF6C96-E846-4C09-A108-C34CE9299063}.Release|x64.Build.0 = Release|x64
		{68DF6C96-E846-4C09-A108-C34CE9299063}.Release|x86.ActiveCfg = Release|Win32
		{68DF6C96-E846-4C09-A108-C34CE9299063}.Release|x86.Build.0 = Release|Win32
		{506DAE49-2B12-4DDF-B63B-B706D72E6463}.Debug|x64.ActiveCfg = Debug|x64
		{506DAE49-2B12-4DDF-B63B-B706D72E6463}.Debug|x64.Build.0 = Debug|x64
		{506DAE49-2B12-4DDF-B63B-B706D72E6463}.Debug|x86.ActiveCfg = Debug|Win32
		{506DAE49-2B12-4DDF-B63B-B706D72E6463}.Debug|x86.Build.0 = Debug|Win32
		{506DAE49-2B12-4DDF-B63B-B706D72E6463}.Release|x64.ActiveCfg = Release|x64
		{506DAE49-2B12-4DDF-B63B-B706D72E6463}.Release|x64.Build.0 = Release|x64
		{506DAE49-2B12-4DDF-B63B-B706D72E6463}.Release|x86.ActiveCfg = Release|Win32
		{506DAE49-2B12-4DDF-B63B-B706D72E6463}.Release|x86.Build.0 = Release|Win32
		{BD069C0B-2DED-410E-8C3F-76C5F552EE08}.Debug|x64.ActiveCfg = Debug|x64
		{BD069C0B-2DED-410E-8C3F-76C5F552EE08}.Debug|x64.Build.0 = Debug|x64
		{BD069C0B-2DED-410E-8C3F-76C5F552EE08}.Debug|x86.ActiveCfg = Debug|Win32
		{BD069C0B-2DED-410E-8C3F-76C5F552EE08}.Debug|x86.Build.0 = Debug|Win32
		{BD069C0B-2DED-410E-8C3F-76C5F552EE08}.Release|x64.ActiveCfg = Release|x64
		{BD069C0B-2DED-410E-8C3F-76C5F552EE08}.Release|x64.Build.0 = Release|x64
		{BD069C0B-2DED-410E-8C3F-76C5F552EE08}.Release|x86.ActiveCfg = Release|Win32
		{BD069C0B-2DED-410E-8C3F-76C5F552EE08}.Release|x86.Build.0 = Release|Win32
		{FFCC9271-46B9-4FEC-845C-C9BE4F54D3A9}.Debug|x64.ActiveCfg = Debug|x64
		{FFCC9271-46B9-4FEC-845C-C9BE4F54D3A9}.Debug|x64.Build.0 = Debug|x64
		{FFCC9271-46B9-4FEC-845C-C9BE4F54D3A9}.Debug|x86.ActiveCfg = Debug|Win32
		{FFCC9271-46B9-4FEC-845C-C9BE4F54D3A9}.Debug|x86.Build.0 = Debug|Win32
		{FFCC9271-46B9-4FEC-845C-C9BE4F54D3A9}.Release|x64.ActiveCfg = Release|x64
		{FFCC9271-46B9-4FEC-845C-C9BE4F54D3A9}.Release|x64.Build.0 = Release|x64
		{FFCC9271-46B9-4FEC-845C-C9BE4F54D3A9}.Release|x86.ActiveCfg = Release|Win32
		{FFCC9271-46B9-4FEC-845C-C9BE4F54D3A9}.Release|x86.Build.0 = Release|Win32
		{3FE4E1D2-732A-4C65-9ED4-94A195AC7C5D}.Debug|x64.ActiveCfg = Debug|x64
		{3FE4E1D2-732A-4C65-9ED4-94A195AC7C5D}.Debug|x64.Build.0 = Debug|x64
		{3FE4E1D2-732A-4C65-9ED4-94A195AC7C5D}.Debug|x86.ActiveCfg = Debug|Win32
		{3FE4E1D2-732A-4C65-9ED4-94A195AC7C5D}.Debug|x86.Build.0 = Debug|Win32
		{3FE4E1D2-732A-4C65-9ED4-94A195AC7C5D}.Release|x64.ActiveCfg = Release|x64
		{3FE4E1D2-732A-4C65-9ED4-94A195AC7C5D}.Release|x64.Build.0 = Release|x64
		{3FE4E1D2-732A-4C65-9ED4-94A195AC7C5D}.Release|x86.ActiveCfg = Release|Win32
		{3FE4E1D2-732A-4C65-9ED4-94A195AC7C5D}.Release|x86.Build.0 = Release|Win32
		{D9673CE4-B8CA-4BAC-93DE-86868B94137F}.Debug|x64.ActiveCfg = Debug|x64
		{D9673CE4-B8CA-4BAC-93DE-86868B94137F}.Debug|x64.Build.0 = Debug|x64
		{D9673CE4-B8CA-4BAC-93DE-86868B94137F}.Debug|x86.ActiveCfg = Debug|Win32
		{D9673CE4-B8CA-4BAC-93DE-86868B94137F}.Debug|x86.Build.0 = Debug|Win32
		{D9673CE4-B8CA-4BAC-93DE-86868B94137F}.Release|x64.ActiveCfg = Release|x64
		{D9673CE4-B8CA-4BAC-93DE-86868B94137F}.Release|x64.Build.0 = Release|x64
		{D9673CE4-B8CA-4BAC-93DE-86868B94137F}.Release|x86.ActiveCfg = Release|Win32
		{D9673CE4-B8CA-4BAC-93DE-86868B94137F}.Release|x86.Build.0 = Release|Win32
		{39B6BCFB-EB29-4D79-9383-CB4D5B8A25FC}.Debug|x64.ActiveCfg = Debug|x64
		{39B6BCFB-EB29-4D79-9383-CB4D5B8A25FC}.Debug|x64.Build.0 = Debug|x64
		{39B6BCFB-EB29-4D79-9383-CB4D5B8A25FC}.Debug|x86.ActiveCfg = Debug|Win32
		{39B6BCFB-EB29-4D79-9383-CB4D5B8A25FC}.Debug|x86.Build.0 = Debug|Win32
		{39B6BCFB-EB29-4D79-9383-CB4D5B8A25FC}.Release|x64.ActiveCfg = Release|x64
		{39B6BCFB-EB29-4D79-9383-CB4D5B8A25FC}.Release|x64.Build.0 = Release|x64
		{39B6BCFB-EB29-4D79-9383-CB4D5B8A25FC}.Release|x86.ActiveCfg = Release|Win32
		{39B6BCFB-EB29-4D79-9383-CB4D5B8A25FC}.Release|x86.Build.0 = Release|Win32
		{2F3203EF-4928-4F92-86B1-767832D94421}.Debug|x64.ActiveCfg = Debug|x64
		{2F3203EF-4928-4F92-86B1-767832D94421}.Debug|x64.Build.0 = Debug|x64
		{2F3203EF-4928-4F92-86B1-767832D94421}.Debug|x86.ActiveCfg = Debug|Win32
		{2F3203EF-4928-4F92-86B1-767832D94421}.Debug|x86.Build.0 = Debug|Win32
		{2F3203EF-4928-4F92-86B1-767832D94421}.Release|x64.ActiveCfg = Release|x64
		{2F3203EF-4928-4F92-86B1-767832D94421}.Release|x64.Build.0 = Release|x64
		{2F3203EF-4928-4F92-86B1-767832D94421}.Release|x86.ActiveCfg = Release|Win32
		{2F3203EF-4928-4F92-86B1-767832D94421}.Release|x86.Build.0 = Release|Win32
		{E730C129-8FE8-4492-B918-61134A9C6C8F}.Debug|x64.ActiveCfg = Debug|x64
		{E730C129-8FE8-4492-B918-61134A9C6C8F}.Debug|x64.Build.0 = Debug|x64
		{E730C129-8FE8-4492-B918-61134A9C6C8F}.Debug|x86.ActiveCfg = Debug|Win32
		{E730C129-8FE8-4492-B918-61134A9C6C8F}.Debug|x86.Build.0 = Debug|Win32
		{E730C129-8FE8-4492-B918-61134A9C6C8F}.Release|x64.ActiveCfg = Release|x64
		{E730C129-8FE8-4492-B918-61134A9C6C8F}.Release|x64.Build.0 = Release|x64
		{E730C129-8FE8-4492-B918-61134A9C6C8F}.Release|x86.ActiveCfg = Release|Win32
		{E730C129-8FE8-4492-B918-61134A9C6C8F}.Release|x86.Build.0 = Release|Win32
		{424C5030-32DA-49E3-8FC9-5066A27CD9B6}.Debug|x64.ActiveCfg = Debug|x64
		{424C5030-32DA-49E3-8FC9-5066A27CD9B6}.Debug|x64.Build.0 = Debug|x64
		{424C5030-32DA-49E3-8FC9-5066A27CD9B6}.Debug|x86.ActiveCfg = Debug|Win32
		{424C5030-32DA-49E3-8FC9-5066A27CD9B6}.Debug|x86.Build.0 = Debug|Win32
		{424C5030-32DA-49E3-8FC9-5066A27CD9B6}.Release|x64.ActiveCfg = Release|x64
		{424C5030-32DA-49E3-8FC9-5066A27CD9B6}.Release|x64.Build.0 = Release|x64
		{424C5030-32DA-49E3-8FC9-5066A27CD9B6}.Release|x86.ActiveCfg = Release|Win32
		{424C5030-32DA-49E3-8FC9-5066A27CD9B6}.Release|x86.Build.0 = Release|Win32
		{488AD2B5-193B-4DD7-BC9D-2FA0FCC6A553}.Debug|x64.ActiveCfg = Debug|x64
		{488AD2B5-193B-4DD7-BC9D-2FA0FCC6A553}.Debug|x64.Build.0 = Debug|x64
		{488AD2B5-193B-4DD7-BC9D-2FA0FCC6A553}.Debug|x86.ActiveCfg = Debug|Win32
		{488AD2B5-193B-4DD7-BC9D-2FA0FCC6A553}.Debug|x86.Build.0 = Debug|Win32
		{488AD2B5-193B-4DD7-BC9D-2FA0FCC6A553}.Release|x64.ActiveCfg = Release|x64
		{488AD2B5-193B-4DD7-BC9D-2FA0FCC6A553}.Release|x64.Build.0 = Release|x64
		{488AD2B5-193B-4DD7-BC9D-2FA0FCC6A553}.Release|x86.ActiveCfg = Release|Win32
		{488AD2B5-193B-4DD7-BC9D-2FA0FCC6A553}.Release|x86.Build.0 = Release|Win32
		{3C2F690E-B5BB-453B-BBA2-FEBC03E89EAC}.Debug|x64.ActiveCfg = Debug|x64
		{3C2F690E-B5BB-453B-BBA2-FEBC03E89EAC}.Debug|x64.Build.0 = Debug|x64
		{3C2F690E-B5BB-453B-BBA2-FEBC03E89EAC}.Debug|x86.ActiveCfg = Debug|Win32
		{3C2F690E-B5BB-453B-BBA2-FEBC03E89EAC}.Debug|x86.Build.0 = Debug|Win32
		{3C2F690E-B5BB-453B-BBA2-FEBC03E89EAC}.Release|x64.ActiveCfg = Release|x64
		{3C2F690E-B5BB-453B-BBA2-FEBC03E89EAC}.Release|x64.Build.0 = Release|x64
		{3C2F690E-B5BB-453B-BBA2-FEBC03E89EAC}.Release|x86.ActiveCfg = Release|Win32
		{3C2F690E-B5BB-453B-BBA2-FEBC03E89EAC}.Release|x86.Build.0 = Release|Win32
		{C926305D-3FA3-4F1A-8EDB-023609ACA9AC}.Debug|x64.ActiveCfg = Debug|x64
		{C926305D-3FA3-4F1A-8EDB-023609ACA9AC}.Debug|x64.Build.0 = Debug|x64
		{C926305D-3FA3-4F1A-8EDB-023609ACA9AC}.Debug|x86.ActiveCfg = Debug|Win32
		{C926305D-3FA3-4F1A-8EDB-023609ACA9AC}.Debug|x86.Build.0 = Debug|Win32
		{C926305D-3FA3-4F1A-8EDB-023609ACA9AC}.Release|x64.ActiveCfg = Release|x64
		{C926305D-3FA3-4F1A-8EDB-023609ACA9AC}.Release|x64.Build.0 = Release|x64
		{C926305D-3FA3-4F1A-8EDB-023609ACA9AC}.Release|x86.ActiveCfg = Release|Win32
		{C926305D-3FA3-4F1A-8EDB-023609ACA9AC}.Release|x86.Build.0 = Release|Win32
		{3021D187-9B5A-41C2-A070-CCA7D39CB697}.Debug|x64.ActiveCfg = Debug|x64
		{3021D187-9B5A-41C2-A070-CCA7D39CB697}.Debug|x64.Build.0 = Debug|x64
		{3021D187-9B5A-41C2-A070-CCA7D39CB697}.Debug|x86.ActiveCfg = Debug|Win32
		{3021D187-9B5A-41C2-A070-CCA7D39CB697}.Debug|x86.Build.0 = Debug|Win32
		{3021D187-9B5A-41C2-A070-CCA7D39CB697}.Release|x64.ActiveCfg = Release|x64
		{3021D187-9B5A-41C2-A070-CCA7D39CB697}.Release|x64.Build.0 = Release|x64
		{3021D187-9B5A-41C2-A070-CCA7D39CB697}.Release|x86.ActiveCfg = Release|Win32
		{3021D187-9B5A-41C2-A070-CCA7D39CB697}.Release|x86.Build.0 = Release|Win32
		{4578F9AC-51DC-477C-8EA9-C40F01191A11}.Debug|x64.ActiveCfg = Debug|x64
		{4578F9AC-51DC-477C-8EA9-C40F01191A11}.Debug|x64.Build.0 = Debug|x64
		{4578F9AC-51DC-477C-8EA9-C40F01191A11}.Debug|x86.ActiveCfg = Debug|Win32
		{4578F9AC-51DC-477C-8EA9-C40F01191A11}.Debug|x86.Build.0 = Debug|Win32
		{4578F9AC-51DC-477C-8EA9-C40F01191A11}.Release|x64.ActiveCfg = Release|x64
		{4578F9AC-51DC-477C-8EA9-C40F01191A11}.Release|x64.Build.0 = Release|x64
		{4578F9AC-51DC-477C-8EA9-C40F01191A11}.Release|x86.ActiveCfg = Release|Win32
		{4578F9AC-51DC-477C-8EA9-C40F01191A11}.Release|x86.Build.0 = Release|Win32
		{52DD1BC6-37C1-4BA3-BE9B-FA89FB273353}.Debug|x64.ActiveCfg = Debug|x64
		{52DD1BC6-37C1-4BA3-BE9B-FA89FB273353}.Debug|x64.Build.0 = Debug|x64
		{52DD1BC6-37C1-4BA3-BE9B-FA89FB273353}.Debug|x86.ActiveCfg = Debug|Win32
		{52DD1BC6-37C1-4BA3-BE9B-FA89FB273353}.Debug|x86.Build.0 = Debug|Win32
		{52DD1BC6-37C1-4BA3-BE9B-FA89FB273353}.Release|x64.ActiveCfg = Release|x64
		{52DD1BC6-37C1-4BA3-BE9B-FA89FB273353}.Release|x64.Build.0 = Release|x64
		{52DD1BC6-37C1-4BA3-BE9B-FA89FB273353}.Release|x86.ActiveCfg = Release|Win32
		{52DD1BC6-37C1-4BA3-BE9B-FA89FB273353}.Release|x86.Build.0 = Release|Win32
		{801EAEBD-E1F8-4A5D-B526-BB641CCBBB08}.Debug|x64.ActiveCfg = Debug|x64
		{801EAEBD-E1F8-4A5D-B526-BB641CCBBB08}.Debug|x64.Build.0 = Debug|x64
		{801EAEBD-E1F8-4A5D-B526-BB641CCBBB08}.Debug|x86.ActiveCfg = Debug|Win32
		{801EAEBD-E1F8-4A5D-B526-BB641CCBBB08}.Debug|x86.Build.0 = Debug|Win32
		{801EAEBD-E1F8-4A5D-B526-BB641CCBBB08}.Release|x64.ActiveCfg = Release|x64
		{801EAEBD-E1F8-4A5D-B526-BB641CCBBB08}.Release|x64.Build.0 = Release|x64
		{801EAEBD-E1F8-4A5D-B526-BB641CCBBB08}.Release|x86.ActiveCfg = Release|Win32
		{801EAEBD-E1F8-4A5D-B526-BB641CCBBB08}.Release|x86.Build.0 = Release|Win32
		{B73BF338-B8EF-4130-9E19-EC5955B47360}.Debug|x64.ActiveCfg = Debug|x64
		{B73BF338-B8EF-4130-9E19-EC5955B47360}.Debug|x64.Build.0 = Debug|x64
		{B73BF338-B8EF-4130-9E19-EC5955B47360}.Debug|x86.ActiveCfg = Debug|Win32
		{B73BF338-B8EF-4130-9E19-EC5955B47360}.Debug|x86.Build.0 = Debug|Win32
		{B73BF338-B8EF-4130-9E19-EC5955B47360}.Release|x64.ActiveCfg = Release|x64
		{B73BF338-B8EF-4130-9E19-EC5955B47360}.Release|x64.Build.0 = Release|x64
		{B73BF338-B8EF-4130-9E19-EC5955B47360}.Release|x86.ActiveCfg = Release|Win32
		{B73BF338-B8EF-4130-9E19-EC5955B47360}.Release|x86.Build.0 = Release|Win32
		{1B7708F3-0769-4DCE-B2F3-B93EE13F92CD}.Debug|x64.ActiveCfg = Debug|x64
		{1B7708F3-0769-4DCE-B2F3-B93EE13F92CD}.Debug|x64.Build.0 = Debug|x64
		{1B7708F3-0769-4DCE-B2F3-B93EE13F92CD}.Debug|x86.ActiveCfg = Debug|Win32
		{1B7708F3-0769-4DCE-B2F3-B93EE13F92CD}.Debug|x86.Build.0 = Debug|Win32
		{1B7708F3-0769-4DCE-B2F3-B93EE13F92CD}.Release|x64.ActiveCfg = Release|x64
		{1B7708F3-0769-4DCE-B2F3-B93EE13F92CD}.Release|x64.Build.0 = Release|x64
		{1B7708F3-0769-4DCE-B2F3-B93EE13F92CD}.Release|x86.ActiveCfg = Release|Win32
		{1B7708F3-0769-4DCE-B2F3-B93EE13F92CD}.Release|x86.Build.0 = Release|Win32
		{8EBEC361-3684-461B-BD05-882FA3F867E5}.Debug|x64.ActiveCfg = Debug|x64
		{8EBEC361-3684-461B-BD05-882FA3F867E5}.Debug|x64.Build.0 = Debug|x64
		{8EBEC361-3684-461B-BD05-882FA3F867E5}.Debug|x86.ActiveCfg = Debug|Win32
		{8EBEC361-3684-461B-BD05-882FA3F867E5}.Debug|x86.Build.0 = Debug|Win32
		{8EBEC361-3684-461B-BD05-882FA3F867E5}.Release|x64.ActiveCfg = Release|x64
		{8EBEC361-3684-461B-BD05-882FA3F867E5}.Release|x64.Build.0 = Release|x64
		{8EBEC361-3684-461B-BD05-882FA3F867E5}.Release|x86.ActiveCfg = Release|Win32
		{8EBEC361-3684-461B-BD05-882FA3F867E5}.Release|x86.Build.0 = Release|Win32
		{6250BBB8-079D-459C-A954-E136B27FEB25}.Debug|x64.ActiveCfg = Debug|x64
		{6250BBB8-079D-459C-A954-E136B27FEB25}.Debug|x64.Build.0 = Debug|x64
		{6250BBB8-079D-459C-A954-E136B27FEB25}.Debug|x86.ActiveCfg = Debug|Win32
		{6250BBB8-079D-459C-A954-E136B27FEB25}.Debug|x86.Build.0 = Debug|Win32
		{6250BBB8-079D-459C-A954-E136B27FEB25}.Release|x64.ActiveCfg = Release|x64
		{6250BBB8-079D-459C-A954-E136B27FEB25}.Release|x64.Build.0 = Release|x64
		{6250BBB8-079D-459C-A954-E136B27FEB25}.Release|x86.ActiveCfg = Release|Win32
		{6250BBB8-079D-459C-A954-E136B27FEB25}.Release|x86.Build.0 = Release|Win32
		{FBAC69FB-DB55-459A-9336-722955155283}.Debug|x64.ActiveCfg = Debug|x64
		{FBAC69FB-DB55-459A-9336-722955155283}.Debug|x64.Build.0 = Debug|x64
		{FBAC69FB-DB55-459A-9336-722955155283}.Debug|x86.ActiveCfg = Debug|Win32
		{FBAC69FB-DB55-459A-9336-722955155283}.Debug|x86.Build.0 = Debug|Win32
		{FBAC69FB-DB55-459A-9336-722955155283}.Release|x64.ActiveCfg = Release|x64
		{FBAC69FB-DB55-459A-9336-722955155283}.Release|x64.Build.0 = Release|x64
		{FBAC69FB-DB55-459A-9336-722955155283}.Release|x86.ActiveCfg = Release|Win32
		{FBAC69FB-DB55-459A-9336-722955155283}.Release|x86.Build.0 = Release|Win32
		{AEBE46D0-0935-455C-8E23-1994792A9644}.Debug|x64.ActiveCfg = Debug|x64
		{AEBE46D0-0935-455C-8E23-1994792A9644}.Debug|x64.Build.0 = Debug|x64
		{AEBE46D0-0935-455C-8E23-1994792A9644}.Debug|x86.ActiveCfg = Debug|Win32
		{AEBE46D0-0935-455C-8E23-1994792A9644}.Debug|x86.Build.0 = Debug|Win32
		{AEBE46D0-0935-455C-8E23-1994792A9644}.Release|x64.ActiveCfg = Release|x64
		{AEBE46D0-0935-455C-8E23-1994792A9644}.Release|x64.Build.0 = Release|x64
		{AEBE46D0-0935-455C-8E23-1994792A9644}.Release|x86.ActiveCfg = Release|Win32
		{AEBE46D0-0935-455C-8E23-1994792A9644}.Release|x86.Build.0 = Release|Win32
		{5EF78D79-DD85-4B3F-8937-9B72AC8886C9}.Debug|x64.ActiveCfg = Debug|x64
		{5EF78D79-DD85-4B3F-8937-9B72AC8886C9}.Debug|x64.Build.0 = Debug|x64
		{5EF78D79-DD85-4B3F-8937-9B72AC8886C9}.Debug|x86.ActiveCfg = Debug|Win32
		{5EF78D79-DD85-4B3F-8937-9B72AC8886C9}.Debug|x86.Build.0 = Debug|Win32
		{5EF78D79-DD85-4B3F-8937-9B72AC8886C9}.Release|x64.ActiveCfg = Release|x64
		{5EF78D79-DD85-4B3F-8937-9B72AC8886C9}.Release|x64.Build.0 = Release|x64
		{5EF78D79-DD85-4B3F-8937-9B72AC8886C9}.Release|x86.ActiveCfg = Release|Win32
		{5EF78D79-DD85-4B3F-8937-9B72AC8886C9}.Release|x86.Build.0 = Release|Win32
		{499868D8-62D5-4F04-A226-84CA10314C7F}.Debug|x64.ActiveCfg = Debug|x64
		{499868D8-62D5-4F04-A226-84CA10314C7F}.Debug|x64.Build.0 = Debug|x64
		{499868D8-62D5-4F04-A226-84CA10314C7F}.Debug|x86.ActiveCfg = Debug|Win32
		{499868D8-62D5-4F04-A226-84CA10314C7F}.Debug|x86.Build.0 = Debug|Win32
		{499868D8-62D5-4F04-A226-84CA10314C7F}.Release|x64.ActiveCfg = Release|x64
		{499868D8-62D5-4F04-A226-84CA10314C7F}.Release|x64.Build.0 = Release|x64
		{499868D8-62D5-4F04-A226-84CA10314C7F}.Release|x86.ActiveCfg = Release|Win32
		{499868D8-62D5-4F04-A226-84CA10314C7F}.Release|x86.Build.0 = Release|Win32
		{8B4F11E9-390C-4455-8F4D-221CF9178DBE}.Debug|x64.ActiveCfg = Debug|x64
		{8B4F11E9-390C-4455-8F4D-221CF9178DBE}.Debug|x64.Build.0 = Debug|x64
		{8B4F11E9-390C-4455-8F4D-221CF9178DBE}.Debug|x86.ActiveCfg = Debug|Win32
		{8B4F11E9-390C-4455-8F4D-221CF9178DBE}.Debug|x86.Build.0 = Debug|Win32
		{8B4F11E9-390C-4455-8F4D-221CF9178DBE}.Release|x64.ActiveCfg = Release|x64
		{8B4F11E9-390C-4455-8F4D-221CF9178DBE}.Release|x64.Build.0 = Release|x64
		{8B4F11E9-390C-4455-8F4D-221CF9178DBE}.Release|x86.ActiveCfg = Release|Win32
		{8B4F11E9-390C-4455-8F4D-221CF9178DBE}.Release|x86.Build.0 = Release|Win32
	EndGlobalSection
	GlobalSection(SolutionProperties) = preSolution
		HideSolutionNode = FALSE
	EndGlobalSection
	GlobalSection(ExtensibilityGlobals) = postSolution
		SolutionGuid = {18F18BF7-7CD1-446E-98C4-AAF4BDA6D813}
	EndGlobalSection
EndGlobal
